
Microsoft Visual Studio Solution File, Format Version 12.00
# Visual Studio Version 17
VisualStudioVersion = 17.14.37111.16
MinimumVisualStudioVersion = 10.0.40219.1
Project("{2150E333-8FDC-42A3-9474-1A3956D46DE8}") = "src", "src", "{02EA681E-C7D8-13C7-8484-4AC65E1B71E8}"
EndProject
Project("{2150E333-8FDC-42A3-9474-1A3956D46DE8}") = "tests", "tests", "{F4F49BE2-B506-42FB-BD3B-610FCD7BBDA2}"
EndProject
Project("{FAE04EC0-301F-11D3-BF4B-00C04F79EFBC}") = "http", "http\http.csproj", "{54AF7DC6-F984-41E4-A439-83409C1B4C13}"
EndProject
Project("{FAE04EC0-301F-11D3-BF4B-00C04F79EFBC}") = "test-srp", "test-srp\test-srp.csproj", "{7867FEED-8475-4222-A49E-7F43499CE878}"
EndProject
Project("{FAE04EC0-301F-11D3-BF4B-00C04F79EFBC}") = "application", "application\application.csproj", "{85E19B95-3A68-456E-BD59-874AF3154EC7}"
EndProject
Project("{FAE04EC0-301F-11D3-BF4B-00C04F79EFBC}") = "domain", "domain\domain.csproj", "{3561D0F5-FF02-454D-8391-7871F590D723}"
EndProject
Project("{FAE04EC0-301F-11D3-BF4B-00C04F79EFBC}") = "infrastructure", "infrastructure\infrastructure.csproj", "{8F550630-F206-4092-BA9C-BD8F6D1F076A}"
EndProject
Global
	GlobalSection(SolutionConfigurationPlatforms) = preSolution
		Debug|Any CPU = Debug|Any CPU
		Release|Any CPU = Release|Any CPU
	EndGlobalSection
	GlobalSection(ProjectConfigurationPlatforms) = postSolution
		{54AF7DC6-F984-41E4-A439-83409C1B4C13}.Debug|Any CPU.ActiveCfg = Debug|Any CPU
		{54AF7DC6-F984-41E4-A439-83409C1B4C13}.Debug|Any CPU.Build.0 = Debug|Any CPU
		{54AF7DC6-F984-41E4-A439-83409C1B4C13}.Release|Any CPU.ActiveCfg = Release|Any CPU
		{54AF7DC6-F984-41E4-A439-83409C1B4C13}.Release|Any CPU.Build.0 = Release|Any CPU
		{7867FEED-8475-4222-A49E-7F43499CE878}.Debug|Any CPU.ActiveCfg = Debug|Any CPU
		{7867FEED-8475-4222-A49E-7F43499CE878}.Debug|Any CPU.Build.0 = Debug|Any CPU
		{7867FEED-8475-4222-A49E-7F43499CE878}.Release|Any CPU.ActiveCfg = Release|Any CPU
		{7867FEED-8475-4222-A49E-7F43499CE878}.Release|Any CPU.Build.0 = Release|Any CPU
		{85E19B95-3A68-456E-BD59-874AF3154EC7}.Debug|Any CPU.ActiveCfg = Debug|Any CPU
		{85E19B95-3A68-456E-BD59-874AF3154EC7}.Debug|Any CPU.Build.0 = Debug|Any CPU
		{85E19B95-3A68-456E-BD59-874AF3154EC7}.Release|Any CPU.ActiveCfg = Release|Any CPU
		{85E19B95-3A68-456E-BD59-874AF3154EC7}.Release|Any CPU.Build.0 = Release|Any CPU
		{3561D0F5-FF02-454D-8391-7871F590D723}.Debug|Any CPU.ActiveCfg = Debug|Any CPU
		{3561D0F5-FF02-454D-8391-7871F590D723}.Debug|Any CPU.Build.0 = Debug|Any CPU
		{3561D0F5-FF02-454D-8391-7871F590D723}.Release|Any CPU.ActiveCfg = Release|Any CPU
		{3561D0F5-FF02-454D-8391-7871F590D723}.Release|Any CPU.Build.0 = Release|Any CPU
		{8F550630-F206-4092-BA9C-BD8F6D1F076A}.Debug|Any CPU.ActiveCfg = Debug|Any CPU
		{8F550630-F206-4092-BA9C-BD8F6D1F076A}.Debug|Any CPU.Build.0 = Debug|Any CPU
		{8F550630-F206-4092-BA9C-BD8F6D1F076A}.Release|Any CPU.ActiveCfg = Release|Any CPU
		{8F550630-F206-4092-BA9C-BD8F6D1F076A}.Release|Any CPU.Build.0 = Release|Any CPU
	EndGlobalSection
	GlobalSection(SolutionProperties) = preSolution
		HideSolutionNode = FALSE
	EndGlobalSection
	GlobalSection(NestedProjects) = preSolution
		{54AF7DC6-F984-41E4-A439-83409C1B4C13} = {02EA681E-C7D8-13C7-8484-4AC65E1B71E8}
		{7867FEED-8475-4222-A49E-7F43499CE878} = {F4F49BE2-B506-42FB-BD3B-610FCD7BBDA2}
		{85E19B95-3A68-456E-BD59-874AF3154EC7} = {02EA681E-C7D8-13C7-8484-4AC65E1B71E8}
		{3561D0F5-FF02-454D-8391-7871F590D723} = {02EA681E-C7D8-13C7-8484-4AC65E1B71E8}
		{8F550630-F206-4092-BA9C-BD8F6D1F076A} = {02EA681E-C7D8-13C7-8484-4AC65E1B71E8}
	EndGlobalSection
	GlobalSection(ExtensibilityGlobals) = postSolution
		SolutionGuid = {410C7605-FF66-4498-BAA6-09CAD3506D09}
	EndGlobalSection
EndGlobal
